
Microsoft Visual Studio Solution File, Format Version 12.00
# Visual Studio Version 17
VisualStudioVersion = 17.11.35222.181
MinimumVisualStudioVersion = 10.0.40219.1
Project("{FAE04EC0-301F-11D3-BF4B-00C04F79EFBC}") = "ApiTest1", "ApiTest1.csproj", "{A730F560-F265-4B18-9996-33750E0CA605}"
EndProject
Global
	GlobalSection(SolutionConfigurationPlatforms) = preSolution
		Debug|Any CPU = Debug|Any CPU
		Release|Any CPU = Release|Any CPU
	EndGlobalSection
	GlobalSection(ProjectConfigurationPlatforms) = postSolution
		{A730F560-F265-4B18-9996-33750E0CA605}.Debug|Any CPU.ActiveCfg = Debug|Any CPU
		{A730F560-F265-4B18-9996-33750E0CA605}.Debug|Any CPU.Build.0 = Debug|Any CPU
		{A730F560-F265-4B18-9996-33750E0CA605}.Release|Any CPU.ActiveCfg = Release|Any CPU
		{A730F560-F265-4B18-9996-33750E0CA605}.Release|Any CPU.Build.0 = Release|Any CPU
	EndGlobalSection
	GlobalSection(SolutionProperties) = preSolution
		HideSolutionNode = FALSE
	EndGlobalSection
	GlobalSection(ExtensibilityGlobals) = postSolution
		SolutionGuid = {E813359D-E764-43D7-AF74-61C56CA88256}
	EndGlobalSection
EndGlobal
